
Microsoft Visual Studio Solution File, Format Version 12.00
# Visual Studio Version 16
VisualStudioVersion = 16.0.33927.289
MinimumVisualStudioVersion = 10.0.40219.1
Project("{2150E333-8FDC-42A3-9474-1A3956D46DE8}") = "Task0", "Task0", "{02C4C544-6C1B-45DE-9698-5071962A3124}"
EndProject
Project("{FAE04EC0-301F-11D3-BF4B-00C04F79EFBC}") = "Tyuiu.MikhailovNS.Sprint1.Task0.V0", "Tyuiu.MikhailovNS.Sprint1.Task0\Tyuiu.MikhailovNS.Sprint1.Task0.V0.csproj", "{E3A8DBB5-F68B-4FBA-B9DC-B970A82DD14B}"
EndProject
Project("{FAE04EC0-301F-11D3-BF4B-00C04F79EFBC}") = "Tyuiu.MikhailovNS.Sprint1.Task0.V0.Lib", "Tyuiu.MikhailovNS.Sprint1.Task0.Lib\Tyuiu.MikhailovNS.Sprint1.Task0.V0.Lib.csproj", "{593B0A0B-A199-4F24-B773-386DB82645A4}"
EndProject
Project("{FAE04EC0-301F-11D3-BF4B-00C04F79EFBC}") = "Tyuiu.MikhailovNS.Sprint1.Task0.V0.Test", "Tyuiu.MikhailovNS.Sprint1.Task0.Test\Tyuiu.MikhailovNS.Sprint1.Task0.V0.Test.csproj", "{D7456086-DA6A-41A3-A396-62EFE8A11823}"
EndProject
Project("{2150E333-8FDC-42A3-9474-1A3956D46DE8}") = "Task1", "Task1", "{A7B6FE51-EC6C-4EA9-B1A5-B5C8060A1C1B}"
EndProject
Project("{FAE04EC0-301F-11D3-BF4B-00C04F79EFBC}") = "Тyuiu.MikhailovNS.Sprint1.Task1.V0", "Тyuiu.MikhailovNS.Sprint1.Task1.V0\Тyuiu.MikhailovNS.Sprint1.Task1.V0.csproj", "{39F71F8E-1DE0-48EC-87A2-BF7B4F0C1BDF}"
EndProject
Project("{FAE04EC0-301F-11D3-BF4B-00C04F79EFBC}") = "Tyuiu.MikhailovNS.Sprint1.Task1.V0.Test", "Tyuiu.MikhailovNS.Sprint1.Task1.V0.Test\Tyuiu.MikhailovNS.Sprint1.Task1.V0.Test.csproj", "{E78FFEE3-AEB4-4E8F-9F43-3BC1EAC10984}"
EndProject
Project("{FAE04EC0-301F-11D3-BF4B-00C04F79EFBC}") = "Тyuiu.MikhailovNS.Sprint1.Task1.V0.Lib", "Тyuiu.MikhailovNS.Sprint1.Task1.V0.Lib\Тyuiu.MikhailovNS.Sprint1.Task1.V0.Lib.csproj", "{0D86ECEB-B9F1-42BA-B6B3-F9DD40F9B2F2}"
EndProject
Project("{FAE04EC0-301F-11D3-BF4B-00C04F79EFBC}") = "Tyuiu.MikhailovNS.Sprint1.Task1.V18", "Tyuiu.MikhailovNS.Sprint1.Task1.V18\Tyuiu.MikhailovNS.Sprint1.Task1.V18.csproj", "{ADFBC6E1-024F-42F2-830E-0FABB61802A6}"
EndProject
Project("{FAE04EC0-301F-11D3-BF4B-00C04F79EFBC}") = "Tyuiu.MihailovNS.Sprint1.Task1.V18.Lib", "Tyuiu.MihailovNS.Sprint1.Task1.V18.Lib\Tyuiu.MihailovNS.Sprint1.Task1.V18.Lib.csproj", "{FFED63D0-D55D-4C20-9CEE-FABBCC9B3D79}"
EndProject
Project("{FAE04EC0-301F-11D3-BF4B-00C04F79EFBC}") = "Тyuiu.MihailovNS.Sprint1.Task1.V18.Test", "Тyuiu.MihailovNS.Sprint1.Task1.V18.Test\Тyuiu.MihailovNS.Sprint1.Task1.V18.Test.csproj", "{0114B0DE-6985-4B51-8E9A-896C34954C8B}"
EndProject
Project("{2150E333-8FDC-42A3-9474-1A3956D46DE8}") = "Task2", "Task2", "{4B23BBD4-04F6-4CD2-8068-9182A77B7D4F}"
EndProject
Project("{FAE04EC0-301F-11D3-BF4B-00C04F79EFBC}") = "Tyuiu.MikhailovNS.Sprint1.Task2.V6", "Tyuiu.MikhailovNS.Sprint1.Task2.V0\Tyuiu.MikhailovNS.Sprint1.Task2.V6.csproj", "{E6BE5A0C-2422-451E-80BA-EBB924F62509}"
EndProject
Project("{FAE04EC0-301F-11D3-BF4B-00C04F79EFBC}") = "Tyuiu.MikhailovNS.Sprint1.Task2.V6.Lib", "Tyuiu.MikhailovNS.Sprint1.Task2.V0.Lib\Tyuiu.MikhailovNS.Sprint1.Task2.V6.Lib.csproj", "{A1FD0A78-3F9F-4D1E-9E43-D3C97CB00388}"
EndProject
Project("{FAE04EC0-301F-11D3-BF4B-00C04F79EFBC}") = "Tyuiu.MikhailovNS.Sprint1.Task2.V6.Test", "Tyuiu.MikhailovNS.Sprint1.Task2.V0.Test\Tyuiu.MikhailovNS.Sprint1.Task2.V6.Test.csproj", "{AB00812B-1B53-4438-A343-1308CED6E3C2}"
EndProject
Project("{2150E333-8FDC-42A3-9474-1A3956D46DE8}") = "Task3", "Task3", "{F006A3C1-013E-4945-96D3-E70AB8A893DF}"
EndProject
Project("{FAE04EC0-301F-11D3-BF4B-00C04F79EFBC}") = "Tyuiu.MikhailovNS.Sprint1.Task3.V11", "Tyuiu.MikhailovNS.Sprint1.Task3.V11\Tyuiu.MikhailovNS.Sprint1.Task3.V11.csproj", "{27F75370-5561-4AF3-8281-1B1AC9A51DEA}"
EndProject
Project("{FAE04EC0-301F-11D3-BF4B-00C04F79EFBC}") = "Tyuiu.MikhailovNS.Sprint1.Task3.V11.Test", "Tyuiu.MikhailovNS.Sprint1.Task3.V11.Test\Tyuiu.MikhailovNS.Sprint1.Task3.V11.Test.csproj", "{402F9179-4368-42E5-B715-877B0E19D861}"
EndProject
Project("{FAE04EC0-301F-11D3-BF4B-00C04F79EFBC}") = "Tyuiu.MikhailovNS.Sprint1.Task3.V11.Lib", "Tyuiu.MikhailovNS.Sprint1.Task3.V11.Lib\Tyuiu.MikhailovNS.Sprint1.Task3.V11.Lib.csproj", "{BCADB3FA-413B-4073-A384-9EBFA0D84BD1}"
EndProject
Project("{2150E333-8FDC-42A3-9474-1A3956D46DE8}") = "Task4", "Task4", "{3CBD225F-D9FB-401A-93C1-8A4559E040AB}"
EndProject
Project("{FAE04EC0-301F-11D3-BF4B-00C04F79EFBC}") = "Tyuiui.MikhailovNS.Sprint1.Task4.V13", "Tyuiui.MikhailovNS.Sprint1.Task4.V13\Tyuiui.MikhailovNS.Sprint1.Task4.V13.csproj", "{370612FC-AA61-4C5E-9229-5DAD99441C19}"
EndProject
Project("{FAE04EC0-301F-11D3-BF4B-00C04F79EFBC}") = "Tyuiu.MikhailovNS.Sprint1.Task4.V13.Test", "Tyuiu.MikhailovNS.Sprint1.Task4.V13.Test\Tyuiu.MikhailovNS.Sprint1.Task4.V13.Test.csproj", "{3ACDD5E4-A4DD-4B9E-B041-C7B680392636}"
EndProject
Project("{FAE04EC0-301F-11D3-BF4B-00C04F79EFBC}") = "Tyuiu.MikhailovNS.Sprint1.Task4.V13.Lib", "Tyuiu.MikhailovNS.Sprint1.Task4.V13.Lib\Tyuiu.MikhailovNS.Sprint1.Task4.V13.Lib.csproj", "{F2EFAA0F-F903-4465-985F-6F5F574FD582}"
EndProject
Project("{2150E333-8FDC-42A3-9474-1A3956D46DE8}") = "Task5", "Task5", "{E47E2359-B1C1-4159-A059-6D6E7F54D95B}"
EndProject
Project("{FAE04EC0-301F-11D3-BF4B-00C04F79EFBC}") = "Tyuiu.MikhailovNS.Sprint1.Task5.V4", "Tyuiu.MikhailovNS.Sprint1.Task5.V4\Tyuiu.MikhailovNS.Sprint1.Task5.V4.csproj", "{7F062A80-02A5-4927-8473-05EC4D3E853A}"
EndProject
Project("{FAE04EC0-301F-11D3-BF4B-00C04F79EFBC}") = "Tyuiu.MikhailovNS.Sprint1.Task5.V4.Lib", "Tyuiu.MikhailovNS.Sprint1.Task5.V4.Lib\Tyuiu.MikhailovNS.Sprint1.Task5.V4.Lib.csproj", "{802F6240-58D9-477A-8FAF-D552D97AD6D8}"
EndProject
Project("{FAE04EC0-301F-11D3-BF4B-00C04F79EFBC}") = "Tyuiu.MikhailovNS.Sprint1.Task5.V4.Test", "Tyuiu.MikhailovNS.Sprint1.Task5.V4.Test\Tyuiu.MikhailovNS.Sprint1.Task5.V4.Test.csproj", "{33DA78D4-BB16-4FA3-8427-FC6A1D868DBF}"
EndProject
Project("{2150E333-8FDC-42A3-9474-1A3956D46DE8}") = "Task6", "Task6", "{05D85129-9B15-4607-8F57-578C4CC4B0BB}"
EndProject
Project("{FAE04EC0-301F-11D3-BF4B-00C04F79EFBC}") = "Tyuiu.MikhailovNS.Sprint1.Task6.V18", "Tyuiu.MikhailovNS.Sprint1.Task6.V18\Tyuiu.MikhailovNS.Sprint1.Task6.V18.csproj", "{58077F2E-C2B0-44CD-9200-64FCF1536628}"
EndProject
Project("{FAE04EC0-301F-11D3-BF4B-00C04F79EFBC}") = "Tyuiu.MikhailovNS.Sprint1.Task6.V18.Test", "Tyuiu.MikhailovNS.Sprint1.Task6.V18.Test\Tyuiu.MikhailovNS.Sprint1.Task6.V18.Test.csproj", "{1567EF5A-721A-4C45-B304-74A3AE9C871D}"
EndProject
Project("{FAE04EC0-301F-11D3-BF4B-00C04F79EFBC}") = "Tyuiu.MikhailovNS.Sprint1.Task6.V18.Lib", "Tyuiu.MikhailovNS.Sprint1.Task6.V18.Lib\Tyuiu.MikhailovNS.Sprint1.Task6.V18.Lib.csproj", "{3B255527-08F0-4BDC-B6FE-2D80811937FD}"
EndProject
Global
	GlobalSection(SolutionConfigurationPlatforms) = preSolution
		Debug|Any CPU = Debug|Any CPU
		Release|Any CPU = Release|Any CPU
	EndGlobalSection
	GlobalSection(ProjectConfigurationPlatforms) = postSolution
		{E3A8DBB5-F68B-4FBA-B9DC-B970A82DD14B}.Debug|Any CPU.ActiveCfg = Debug|Any CPU
		{E3A8DBB5-F68B-4FBA-B9DC-B970A82DD14B}.Debug|Any CPU.Build.0 = Debug|Any CPU
		{E3A8DBB5-F68B-4FBA-B9DC-B970A82DD14B}.Release|Any CPU.ActiveCfg = Release|Any CPU
		{E3A8DBB5-F68B-4FBA-B9DC-B970A82DD14B}.Release|Any CPU.Build.0 = Release|Any CPU
		{593B0A0B-A199-4F24-B773-386DB82645A4}.Debug|Any CPU.ActiveCfg = Debug|Any CPU
		{593B0A0B-A199-4F24-B773-386DB82645A4}.Debug|Any CPU.Build.0 = Debug|Any CPU
		{593B0A0B-A199-4F24-B773-386DB82645A4}.Release|Any CPU.ActiveCfg = Release|Any CPU
		{593B0A0B-A199-4F24-B773-386DB82645A4}.Release|Any CPU.Build.0 = Release|Any CPU
		{D7456086-DA6A-41A3-A396-62EFE8A11823}.Debug|Any CPU.ActiveCfg = Debug|Any CPU
		{D7456086-DA6A-41A3-A396-62EFE8A11823}.Debug|Any CPU.Build.0 = Debug|Any CPU
		{D7456086-DA6A-41A3-A396-62EFE8A11823}.Release|Any CPU.ActiveCfg = Release|Any CPU
		{D7456086-DA6A-41A3-A396-62EFE8A11823}.Release|Any CPU.Build.0 = Release|Any CPU
		{39F71F8E-1DE0-48EC-87A2-BF7B4F0C1BDF}.Debug|Any CPU.ActiveCfg = Debug|Any CPU
		{39F71F8E-1DE0-48EC-87A2-BF7B4F0C1BDF}.Debug|Any CPU.Build.0 = Debug|Any CPU
		{39F71F8E-1DE0-48EC-87A2-BF7B4F0C1BDF}.Release|Any CPU.ActiveCfg = Release|Any CPU
		{39F71F8E-1DE0-48EC-87A2-BF7B4F0C1BDF}.Release|Any CPU.Build.0 = Release|Any CPU
		{E78FFEE3-AEB4-4E8F-9F43-3BC1EAC10984}.Debug|Any CPU.ActiveCfg = Debug|Any CPU
		{E78FFEE3-AEB4-4E8F-9F43-3BC1EAC10984}.Debug|Any CPU.Build.0 = Debug|Any CPU
		{E78FFEE3-AEB4-4E8F-9F43-3BC1EAC10984}.Release|Any CPU.ActiveCfg = Release|Any CPU
		{E78FFEE3-AEB4-4E8F-9F43-3BC1EAC10984}.Release|Any CPU.Build.0 = Release|Any CPU
		{0D86ECEB-B9F1-42BA-B6B3-F9DD40F9B2F2}.Debug|Any CPU.ActiveCfg = Debug|Any CPU
		{0D86ECEB-B9F1-42BA-B6B3-F9DD40F9B2F2}.Debug|Any CPU.Build.0 = Debug|Any CPU
		{0D86ECEB-B9F1-42BA-B6B3-F9DD40F9B2F2}.Release|Any CPU.ActiveCfg = Release|Any CPU
		{0D86ECEB-B9F1-42BA-B6B3-F9DD40F9B2F2}.Release|Any CPU.Build.0 = Release|Any CPU
		{ADFBC6E1-024F-42F2-830E-0FABB61802A6}.Debug|Any CPU.ActiveCfg = Debug|Any CPU
		{ADFBC6E1-024F-42F2-830E-0FABB61802A6}.Debug|Any CPU.Build.0 = Debug|Any CPU
		{ADFBC6E1-024F-42F2-830E-0FABB61802A6}.Release|Any CPU.ActiveCfg = Release|Any CPU
		{ADFBC6E1-024F-42F2-830E-0FABB61802A6}.Release|Any CPU.Build.0 = Release|Any CPU
		{FFED63D0-D55D-4C20-9CEE-FABBCC9B3D79}.Debug|Any CPU.ActiveCfg = Debug|Any CPU
		{FFED63D0-D55D-4C20-9CEE-FABBCC9B3D79}.Debug|Any CPU.Build.0 = Debug|Any CPU
		{FFED63D0-D55D-4C20-9CEE-FABBCC9B3D79}.Release|Any CPU.ActiveCfg = Release|Any CPU
		{FFED63D0-D55D-4C20-9CEE-FABBCC9B3D79}.Release|Any CPU.Build.0 = Release|Any CPU
		{0114B0DE-6985-4B51-8E9A-896C34954C8B}.Debug|Any CPU.ActiveCfg = Debug|Any CPU
		{0114B0DE-6985-4B51-8E9A-896C34954C8B}.Debug|Any CPU.Build.0 = Debug|Any CPU
		{0114B0DE-6985-4B51-8E9A-896C34954C8B}.Release|Any CPU.ActiveCfg = Release|Any CPU
		{0114B0DE-6985-4B51-8E9A-896C34954C8B}.Release|Any CPU.Build.0 = Release|Any CPU
		{E6BE5A0C-2422-451E-80BA-EBB924F62509}.Debug|Any CPU.ActiveCfg = Debug|Any CPU
		{E6BE5A0C-2422-451E-80BA-EBB924F62509}.Debug|Any CPU.Build.0 = Debug|Any CPU
		{E6BE5A0C-2422-451E-80BA-EBB924F62509}.Release|Any CPU.ActiveCfg = Release|Any CPU
		{E6BE5A0C-2422-451E-80BA-EBB924F62509}.Release|Any CPU.Build.0 = Release|Any CPU
		{A1FD0A78-3F9F-4D1E-9E43-D3C97CB00388}.Debug|Any CPU.ActiveCfg = Debug|Any CPU
		{A1FD0A78-3F9F-4D1E-9E43-D3C97CB00388}.Debug|Any CPU.Build.0 = Debug|Any CPU
		{A1FD0A78-3F9F-4D1E-9E43-D3C97CB00388}.Release|Any CPU.ActiveCfg = Release|Any CPU
		{A1FD0A78-3F9F-4D1E-9E43-D3C97CB00388}.Release|Any CPU.Build.0 = Release|Any CPU
		{AB00812B-1B53-4438-A343-1308CED6E3C2}.Debug|Any CPU.ActiveCfg = Debug|Any CPU
		{AB00812B-1B53-4438-A343-1308CED6E3C2}.Debug|Any CPU.Build.0 = Debug|Any CPU
		{AB00812B-1B53-4438-A343-1308CED6E3C2}.Release|Any CPU.ActiveCfg = Release|Any CPU
		{AB00812B-1B53-4438-A343-1308CED6E3C2}.Release|Any CPU.Build.0 = Release|Any CPU
		{27F75370-5561-4AF3-8281-1B1AC9A51DEA}.Debug|Any CPU.ActiveCfg = Debug|Any CPU
		{27F75370-5561-4AF3-8281-1B1AC9A51DEA}.Debug|Any CPU.Build.0 = Debug|Any CPU
		{27F75370-5561-4AF3-8281-1B1AC9A51DEA}.Release|Any CPU.ActiveCfg = Release|Any CPU
		{27F75370-5561-4AF3-8281-1B1AC9A51DEA}.Release|Any CPU.Build.0 = Release|Any CPU
		{402F9179-4368-42E5-B715-877B0E19D861}.Debug|Any CPU.ActiveCfg = Debug|Any CPU
		{402F9179-4368-42E5-B715-877B0E19D861}.Debug|Any CPU.Build.0 = Debug|Any CPU
		{402F9179-4368-42E5-B715-877B0E19D861}.Release|Any CPU.ActiveCfg = Release|Any CPU
		{402F9179-4368-42E5-B715-877B0E19D861}.Release|Any CPU.Build.0 = Release|Any CPU
		{BCADB3FA-413B-4073-A384-9EBFA0D84BD1}.Debug|Any CPU.ActiveCfg = Debug|Any CPU
		{BCADB3FA-413B-4073-A384-9EBFA0D84BD1}.Debug|Any CPU.Build.0 = Debug|Any CPU
		{BCADB3FA-413B-4073-A384-9EBFA0D84BD1}.Release|Any CPU.ActiveCfg = Release|Any CPU
		{BCADB3FA-413B-4073-A384-9EBFA0D84BD1}.Release|Any CPU.Build.0 = Release|Any CPU
		{370612FC-AA61-4C5E-9229-5DAD99441C19}.Debug|Any CPU.ActiveCfg = Debug|Any CPU
		{370612FC-AA61-4C5E-9229-5DAD99441C19}.Debug|Any CPU.Build.0 = Debug|Any CPU
		{370612FC-AA61-4C5E-9229-5DAD99441C19}.Release|Any CPU.ActiveCfg = Release|Any CPU
		{370612FC-AA61-4C5E-9229-5DAD99441C19}.Release|Any CPU.Build.0 = Release|Any CPU
		{3ACDD5E4-A4DD-4B9E-B041-C7B680392636}.Debug|Any CPU.ActiveCfg = Debug|Any CPU
		{3ACDD5E4-A4DD-4B9E-B041-C7B680392636}.Debug|Any CPU.Build.0 = Debug|Any CPU
		{3ACDD5E4-A4DD-4B9E-B041-C7B680392636}.Release|Any CPU.ActiveCfg = Release|Any CPU
		{3ACDD5E4-A4DD-4B9E-B041-C7B680392636}.Release|Any CPU.Build.0 = Release|Any CPU
		{F2EFAA0F-F903-4465-985F-6F5F574FD582}.Debug|Any CPU.ActiveCfg = Debug|Any CPU
		{F2EFAA0F-F903-4465-985F-6F5F574FD582}.Debug|Any CPU.Build.0 = Debug|Any CPU
		{F2EFAA0F-F903-4465-985F-6F5F574FD582}.Release|Any CPU.ActiveCfg = Release|Any CPU
		{F2EFAA0F-F903-4465-985F-6F5F574FD582}.Release|Any CPU.Build.0 = Release|Any CPU
		{7F062A80-02A5-4927-8473-05EC4D3E853A}.Debug|Any CPU.ActiveCfg = Debug|Any CPU
		{7F062A80-02A5-4927-8473-05EC4D3E853A}.Debug|Any CPU.Build.0 = Debug|Any CPU
		{7F062A80-02A5-4927-8473-05EC4D3E853A}.Release|Any CPU.ActiveCfg = Release|Any CPU
		{7F062A80-02A5-4927-8473-05EC4D3E853A}.Release|Any CPU.Build.0 = Release|Any CPU
		{802F6240-58D9-477A-8FAF-D552D97AD6D8}.Debug|Any CPU.ActiveCfg = Debug|Any CPU
		{802F6240-58D9-477A-8FAF-D552D97AD6D8}.Debug|Any CPU.Build.0 = Debug|Any CPU
		{802F6240-58D9-477A-8FAF-D552D97AD6D8}.Release|Any CPU.ActiveCfg = Release|Any CPU
		{802F6240-58D9-477A-8FAF-D552D97AD6D8}.Release|Any CPU.Build.0 = Release|Any CPU
		{33DA78D4-BB16-4FA3-8427-FC6A1D868DBF}.Debug|Any CPU.ActiveCfg = Debug|Any CPU
		{33DA78D4-BB16-4FA3-8427-FC6A1D868DBF}.Debug|Any CPU.Build.0 = Debug|Any CPU
		{33DA78D4-BB16-4FA3-8427-FC6A1D868DBF}.Release|Any CPU.ActiveCfg = Release|Any CPU
		{33DA78D4-BB16-4FA3-8427-FC6A1D868DBF}.Release|Any CPU.Build.0 = Release|Any CPU
		{58077F2E-C2B0-44CD-9200-64FCF1536628}.Debug|Any CPU.ActiveCfg = Debug|Any CPU
		{58077F2E-C2B0-44CD-9200-64FCF1536628}.Debug|Any CPU.Build.0 = Debug|Any CPU
		{58077F2E-C2B0-44CD-9200-64FCF1536628}.Release|Any CPU.ActiveCfg = Release|Any CPU
		{58077F2E-C2B0-44CD-9200-64FCF1536628}.Release|Any CPU.Build.0 = Release|Any CPU
		{1567EF5A-721A-4C45-B304-74A3AE9C871D}.Debug|Any CPU.ActiveCfg = Debug|Any CPU
		{1567EF5A-721A-4C45-B304-74A3AE9C871D}.Debug|Any CPU.Build.0 = Debug|Any CPU
		{1567EF5A-721A-4C45-B304-74A3AE9C871D}.Release|Any CPU.ActiveCfg = Release|Any CPU
		{1567EF5A-721A-4C45-B304-74A3AE9C871D}.Release|Any CPU.Build.0 = Release|Any CPU
		{3B255527-08F0-4BDC-B6FE-2D80811937FD}.Debug|Any CPU.ActiveCfg = Debug|Any CPU
		{3B255527-08F0-4BDC-B6FE-2D80811937FD}.Debug|Any CPU.Build.0 = Debug|Any CPU
		{3B255527-08F0-4BDC-B6FE-2D80811937FD}.Release|Any CPU.ActiveCfg = Release|Any CPU
		{3B255527-08F0-4BDC-B6FE-2D80811937FD}.Release|Any CPU.Build.0 = Release|Any CPU
	EndGlobalSection
	GlobalSection(SolutionProperties) = preSolution
		HideSolutionNode = FALSE
	EndGlobalSection
	GlobalSection(NestedProjects) = preSolution
		{E3A8DBB5-F68B-4FBA-B9DC-B970A82DD14B} = {02C4C544-6C1B-45DE-9698-5071962A3124}
		{593B0A0B-A199-4F24-B773-386DB82645A4} = {02C4C544-6C1B-45DE-9698-5071962A3124}
		{D7456086-DA6A-41A3-A396-62EFE8A11823} = {02C4C544-6C1B-45DE-9698-5071962A3124}
		{39F71F8E-1DE0-48EC-87A2-BF7B4F0C1BDF} = {A7B6FE51-EC6C-4EA9-B1A5-B5C8060A1C1B}
		{E78FFEE3-AEB4-4E8F-9F43-3BC1EAC10984} = {A7B6FE51-EC6C-4EA9-B1A5-B5C8060A1C1B}
		{0D86ECEB-B9F1-42BA-B6B3-F9DD40F9B2F2} = {A7B6FE51-EC6C-4EA9-B1A5-B5C8060A1C1B}
		{ADFBC6E1-024F-42F2-830E-0FABB61802A6} = {A7B6FE51-EC6C-4EA9-B1A5-B5C8060A1C1B}
		{FFED63D0-D55D-4C20-9CEE-FABBCC9B3D79} = {A7B6FE51-EC6C-4EA9-B1A5-B5C8060A1C1B}
		{0114B0DE-6985-4B51-8E9A-896C34954C8B} = {A7B6FE51-EC6C-4EA9-B1A5-B5C8060A1C1B}
		{E6BE5A0C-2422-451E-80BA-EBB924F62509} = {4B23BBD4-04F6-4CD2-8068-9182A77B7D4F}
		{A1FD0A78-3F9F-4D1E-9E43-D3C97CB00388} = {4B23BBD4-04F6-4CD2-8068-9182A77B7D4F}
		{AB00812B-1B53-4438-A343-1308CED6E3C2} = {4B23BBD4-04F6-4CD2-8068-9182A77B7D4F}
		{27F75370-5561-4AF3-8281-1B1AC9A51DEA} = {F006A3C1-013E-4945-96D3-E70AB8A893DF}
		{402F9179-4368-42E5-B715-877B0E19D861} = {F006A3C1-013E-4945-96D3-E70AB8A893DF}
		{BCADB3FA-413B-4073-A384-9EBFA0D84BD1} = {F006A3C1-013E-4945-96D3-E70AB8A893DF}
		{370612FC-AA61-4C5E-9229-5DAD99441C19} = {3CBD225F-D9FB-401A-93C1-8A4559E040AB}
		{3ACDD5E4-A4DD-4B9E-B041-C7B680392636} = {3CBD225F-D9FB-401A-93C1-8A4559E040AB}
		{F2EFAA0F-F903-4465-985F-6F5F574FD582} = {3CBD225F-D9FB-401A-93C1-8A4559E040AB}
		{7F062A80-02A5-4927-8473-05EC4D3E853A} = {E47E2359-B1C1-4159-A059-6D6E7F54D95B}
		{802F6240-58D9-477A-8FAF-D552D97AD6D8} = {E47E2359-B1C1-4159-A059-6D6E7F54D95B}
		{33DA78D4-BB16-4FA3-8427-FC6A1D868DBF} = {E47E2359-B1C1-4159-A059-6D6E7F54D95B}
		{58077F2E-C2B0-44CD-9200-64FCF1536628} = {05D85129-9B15-4607-8F57-578C4CC4B0BB}
		{1567EF5A-721A-4C45-B304-74A3AE9C871D} = {05D85129-9B15-4607-8F57-578C4CC4B0BB}
		{3B255527-08F0-4BDC-B6FE-2D80811937FD} = {05D85129-9B15-4607-8F57-578C4CC4B0BB}
	EndGlobalSection
	GlobalSection(ExtensibilityGlobals) = postSolution
		SolutionGuid = {B564F3BF-E0FA-4FD1-A463-AA2E1D9C2AFF}
	EndGlobalSection
EndGlobal
